
Microsoft Visual Studio Solution File, Format Version 12.00
# Visual Studio Version 17
VisualStudioVersion = 17.1.32210.238
MinimumVisualStudioVersion = 10.0.40219.1
Project("{FAE04EC0-301F-11D3-BF4B-00C04F79EFBC}") = "Multiples", "Multiples\Multiples.csproj", "{667BE41D-5F96-447B-8C1F-C9E3533CB0FE}"
EndProject
Global
	GlobalSection(SolutionConfigurationPlatforms) = preSolution
		Debug|Any CPU = Debug|Any CPU
		Release|Any CPU = Release|Any CPU
	EndGlobalSection
	GlobalSection(ProjectConfigurationPlatforms) = postSolution
		{667BE41D-5F96-447B-8C1F-C9E3533CB0FE}.Debug|Any CPU.ActiveCfg = Debug|Any CPU
		{667BE41D-5F96-447B-8C1F-C9E3533CB0FE}.Debug|Any CPU.Build.0 = Debug|Any CPU
		{667BE41D-5F96-447B-8C1F-C9E3533CB0FE}.Release|Any CPU.ActiveCfg = Release|Any CPU
		{667BE41D-5F96-447B-8C1F-C9E3533CB0FE}.Release|Any CPU.Build.0 = Release|Any CPU
	EndGlobalSection
	GlobalSection(SolutionProperties) = preSolution
		HideSolutionNode = FALSE
	EndGlobalSection
	GlobalSection(ExtensibilityGlobals) = postSolution
		SolutionGuid = {3720AA59-153B-434B-B23B-1083E52BEA2C}
	EndGlobalSection
EndGlobal
